
Microsoft Visual Studio Solution File, Format Version 12.00
# Visual Studio Version 17
VisualStudioVersion = 17.12.35506.116 d17.12
MinimumVisualStudioVersion = 10.0.40219.1
Project("{FAE04EC0-301F-11D3-BF4B-00C04F79EFBC}") = "NVRTMG_HSZF_2024251.Console", "NVRTMG_HSZF_2024251.Console\NVRTMG_HSZF_2024251.Console.csproj", "{5D1B3761-E05C-4B13-BA89-FC09CB42A747}"
EndProject
Project("{FAE04EC0-301F-11D3-BF4B-00C04F79EFBC}") = "NVRTMG_HSZF_2024251.Application", "NVRTMG_HSZF_2024251.Application\NVRTMG_HSZF_2024251.Application.csproj", "{263A273D-AE5A-470B-B017-6489224815F3}"
EndProject
Project("{FAE04EC0-301F-11D3-BF4B-00C04F79EFBC}") = "NVRTMG_HSZF_2024251.Model", "NVRTMG_HSZF_2024251.Model\NVRTMG_HSZF_2024251.Model.csproj", "{023DAC52-6B1E-4A4B-A48C-E27D4EAD7F8D}"
EndProject
Project("{FAE04EC0-301F-11D3-BF4B-00C04F79EFBC}") = "NVRTMG_HSZF_2024251.Presistence.MsSql", "NVRTMG_HSZF_2024251.Presistence.MsSql\NVRTMG_HSZF_2024251.Presistence.MsSql.csproj", "{88C14FA1-9939-4C85-B39D-AFC038C3D753}"
EndProject
Project("{FAE04EC0-301F-11D3-BF4B-00C04F79EFBC}") = "NVRTMG_HSZF_2024251.Test", "NVRTMG_HSZF_2024251.Test\NVRTMG_HSZF_2024251.Test.csproj", "{E8633F73-D29A-497D-B6F2-0A444AB345EA}"
EndProject
Project("{2150E333-8FDC-42A3-9474-1A3956D46DE8}") = "Application", "Application", "{1CA77BD1-5D7B-4AAD-8712-F9F4638EB0D1}"
EndProject
Project("{2150E333-8FDC-42A3-9474-1A3956D46DE8}") = "Domain", "Domain", "{F919E1F9-4C5A-4727-918F-9A087335CC53}"
EndProject
Project("{2150E333-8FDC-42A3-9474-1A3956D46DE8}") = "Infrastucture", "Infrastucture", "{2894F5C9-CA10-48E5-ABC0-214263C0D18B}"
EndProject
Project("{2150E333-8FDC-42A3-9474-1A3956D46DE8}") = "Presentation", "Presentation", "{7F2878B7-8F4C-4DE2-BA86-971C6267C357}"
EndProject
Project("{2150E333-8FDC-42A3-9474-1A3956D46DE8}") = "Test", "Test", "{6838518F-2932-4CF7-B238-7A37FA449882}"
EndProject
Global
	GlobalSection(SolutionConfigurationPlatforms) = preSolution
		Debug|Any CPU = Debug|Any CPU
		Release|Any CPU = Release|Any CPU
	EndGlobalSection
	GlobalSection(ProjectConfigurationPlatforms) = postSolution
		{5D1B3761-E05C-4B13-BA89-FC09CB42A747}.Debug|Any CPU.ActiveCfg = Debug|Any CPU
		{5D1B3761-E05C-4B13-BA89-FC09CB42A747}.Debug|Any CPU.Build.0 = Debug|Any CPU
		{5D1B3761-E05C-4B13-BA89-FC09CB42A747}.Release|Any CPU.ActiveCfg = Release|Any CPU
		{5D1B3761-E05C-4B13-BA89-FC09CB42A747}.Release|Any CPU.Build.0 = Release|Any CPU
		{263A273D-AE5A-470B-B017-6489224815F3}.Debug|Any CPU.ActiveCfg = Debug|Any CPU
		{263A273D-AE5A-470B-B017-6489224815F3}.Debug|Any CPU.Build.0 = Debug|Any CPU
		{263A273D-AE5A-470B-B017-6489224815F3}.Release|Any CPU.ActiveCfg = Release|Any CPU
		{263A273D-AE5A-470B-B017-6489224815F3}.Release|Any CPU.Build.0 = Release|Any CPU
		{023DAC52-6B1E-4A4B-A48C-E27D4EAD7F8D}.Debug|Any CPU.ActiveCfg = Debug|Any CPU
		{023DAC52-6B1E-4A4B-A48C-E27D4EAD7F8D}.Debug|Any CPU.Build.0 = Debug|Any CPU
		{023DAC52-6B1E-4A4B-A48C-E27D4EAD7F8D}.Release|Any CPU.ActiveCfg = Release|Any CPU
		{023DAC52-6B1E-4A4B-A48C-E27D4EAD7F8D}.Release|Any CPU.Build.0 = Release|Any CPU
		{88C14FA1-9939-4C85-B39D-AFC038C3D753}.Debug|Any CPU.ActiveCfg = Debug|Any CPU
		{88C14FA1-9939-4C85-B39D-AFC038C3D753}.Debug|Any CPU.Build.0 = Debug|Any CPU
		{88C14FA1-9939-4C85-B39D-AFC038C3D753}.Release|Any CPU.ActiveCfg = Release|Any CPU
		{88C14FA1-9939-4C85-B39D-AFC038C3D753}.Release|Any CPU.Build.0 = Release|Any CPU
		{E8633F73-D29A-497D-B6F2-0A444AB345EA}.Debug|Any CPU.ActiveCfg = Debug|Any CPU
		{E8633F73-D29A-497D-B6F2-0A444AB345EA}.Debug|Any CPU.Build.0 = Debug|Any CPU
		{E8633F73-D29A-497D-B6F2-0A444AB345EA}.Release|Any CPU.ActiveCfg = Release|Any CPU
		{E8633F73-D29A-497D-B6F2-0A444AB345EA}.Release|Any CPU.Build.0 = Release|Any CPU
	EndGlobalSection
	GlobalSection(SolutionProperties) = preSolution
		HideSolutionNode = FALSE
	EndGlobalSection
	GlobalSection(NestedProjects) = preSolution
		{5D1B3761-E05C-4B13-BA89-FC09CB42A747} = {7F2878B7-8F4C-4DE2-BA86-971C6267C357}
		{263A273D-AE5A-470B-B017-6489224815F3} = {1CA77BD1-5D7B-4AAD-8712-F9F4638EB0D1}
		{023DAC52-6B1E-4A4B-A48C-E27D4EAD7F8D} = {F919E1F9-4C5A-4727-918F-9A087335CC53}
		{88C14FA1-9939-4C85-B39D-AFC038C3D753} = {2894F5C9-CA10-48E5-ABC0-214263C0D18B}
		{E8633F73-D29A-497D-B6F2-0A444AB345EA} = {6838518F-2932-4CF7-B238-7A37FA449882}
	EndGlobalSection
EndGlobal
